
Microsoft Visual Studio Solution File, Format Version 12.00
# Visual Studio Version 16
VisualStudioVersion = 16.0.30413.136
MinimumVisualStudioVersion = 10.0.40219.1
Project("{9A19103F-16F7-4668-BE54-9A1E7A4F7556}") = "Calculator", "Calculator\Calculator.csproj", "{2CE90432-A7D8-4985-8017-361BD7F55098}"
EndProject
Project("{9A19103F-16F7-4668-BE54-9A1E7A4F7556}") = "CalculatorTest", "CalculatorTest\CalculatorTest.csproj", "{FA5F3C5A-216A-4F77-B4D3-D79A49FC752A}"
EndProject
Project("{FAE04EC0-301F-11D3-BF4B-00C04F79EFBC}") = "MortgageCalc.WinForms", "MortgageCalc.WinForms\MortgageCalc.WinForms.csproj", "{19AD9A24-DB4B-4F4E-808F-CAD42CAEA8A1}"
EndProject
Global
	GlobalSection(SolutionConfigurationPlatforms) = preSolution
		Debug|Any CPU = Debug|Any CPU
		Release|Any CPU = Release|Any CPU
	EndGlobalSection
	GlobalSection(ProjectConfigurationPlatforms) = postSolution
		{2CE90432-A7D8-4985-8017-361BD7F55098}.Debug|Any CPU.ActiveCfg = Debug|Any CPU
		{2CE90432-A7D8-4985-8017-361BD7F55098}.Debug|Any CPU.Build.0 = Debug|Any CPU
		{2CE90432-A7D8-4985-8017-361BD7F55098}.Release|Any CPU.ActiveCfg = Release|Any CPU
		{2CE90432-A7D8-4985-8017-361BD7F55098}.Release|Any CPU.Build.0 = Release|Any CPU
		{FA5F3C5A-216A-4F77-B4D3-D79A49FC752A}.Debug|Any CPU.ActiveCfg = Debug|Any CPU
		{FA5F3C5A-216A-4F77-B4D3-D79A49FC752A}.Debug|Any CPU.Build.0 = Debug|Any CPU
		{FA5F3C5A-216A-4F77-B4D3-D79A49FC752A}.Release|Any CPU.ActiveCfg = Release|Any CPU
		{FA5F3C5A-216A-4F77-B4D3-D79A49FC752A}.Release|Any CPU.Build.0 = Release|Any CPU
		{19AD9A24-DB4B-4F4E-808F-CAD42CAEA8A1}.Debug|Any CPU.ActiveCfg = Debug|Any CPU
		{19AD9A24-DB4B-4F4E-808F-CAD42CAEA8A1}.Debug|Any CPU.Build.0 = Debug|Any CPU
		{19AD9A24-DB4B-4F4E-808F-CAD42CAEA8A1}.Release|Any CPU.ActiveCfg = Release|Any CPU
		{19AD9A24-DB4B-4F4E-808F-CAD42CAEA8A1}.Release|Any CPU.Build.0 = Release|Any CPU
	EndGlobalSection
	GlobalSection(SolutionProperties) = preSolution
		HideSolutionNode = FALSE
	EndGlobalSection
	GlobalSection(ExtensibilityGlobals) = postSolution
		SolutionGuid = {FBDCBD74-9ADB-451D-B80F-BB6C955C7F01}
	EndGlobalSection
EndGlobal
